// !$*UTF8*$!
{
	archiveVersion = 1;
	classes = {
	};
	objectVersion = 51;
	objects = {

/* Begin PBXBuildFile section */
		1E08C9E7F0BF5C09FB155891 /* Pods_Pomelo.framework in Frameworks */ = {isa = PBXBuildFile; fileRef = 00EB3D9F6B47BE1780C88844 /* Pods_Pomelo.framework */; };
		504E154E24F6C23900AA39AA /* GoogleService-Info.plist in Resources */ = {isa = PBXBuildFile; fileRef = 504E154D24F6C23800AA39AA /* GoogleService-Info.plist */; };
		504E155024F6C38B00AA39AA /* SignIn.swift in Sources */ = {isa = PBXBuildFile; fileRef = 504E154F24F6C38B00AA39AA /* SignIn.swift */; };
		504E155224F6F54900AA39AA /* pomeloanimation.json in Resources */ = {isa = PBXBuildFile; fileRef = 504E155124F6F54900AA39AA /* pomeloanimation.json */; };
		509530FE24F5AD7300D50C2D /* AppDelegate.swift in Sources */ = {isa = PBXBuildFile; fileRef = 509530FD24F5AD7300D50C2D /* AppDelegate.swift */; };
		5095310024F5AD7300D50C2D /* SceneDelegate.swift in Sources */ = {isa = PBXBuildFile; fileRef = 509530FF24F5AD7300D50C2D /* SceneDelegate.swift */; };
		5095310224F5AD7300D50C2D /* Main.swift in Sources */ = {isa = PBXBuildFile; fileRef = 5095310124F5AD7300D50C2D /* Main.swift */; };
		5095310724F5AD7400D50C2D /* Assets.xcassets in Resources */ = {isa = PBXBuildFile; fileRef = 5095310624F5AD7400D50C2D /* Assets.xcassets */; };
		5095310A24F5AD7400D50C2D /* LaunchScreen.storyboard in Resources */ = {isa = PBXBuildFile; fileRef = 5095310824F5AD7400D50C2D /* LaunchScreen.storyboard */; };
		5095311424F5C4DC00D50C2D /* Extensions.swift in Sources */ = {isa = PBXBuildFile; fileRef = 5095311324F5C4DC00D50C2D /* Extensions.swift */; };
		5095313624F6BEE200D50C2D /* treegrow.json in Resources */ = {isa = PBXBuildFile; fileRef = 5095313524F6BEE200D50C2D /* treegrow.json */; };
/* End PBXBuildFile section */

/* Begin PBXFileReference section */
		00EB3D9F6B47BE1780C88844 /* Pods_Pomelo.framework */ = {isa = PBXFileReference; explicitFileType = wrapper.framework; includeInIndex = 0; path = Pods_Pomelo.framework; sourceTree = BUILT_PRODUCTS_DIR; };
		12FAACA00263EBFF0A88B475 /* Pods-Pomelo.debug.xcconfig */ = {isa = PBXFileReference; includeInIndex = 1; lastKnownFileType = text.xcconfig; name = "Pods-Pomelo.debug.xcconfig"; path = "Target Support Files/Pods-Pomelo/Pods-Pomelo.debug.xcconfig"; sourceTree = "<group>"; };
		504E154D24F6C23800AA39AA /* GoogleService-Info.plist */ = {isa = PBXFileReference; fileEncoding = 4; lastKnownFileType = text.plist.xml; path = "GoogleService-Info.plist"; sourceTree = "<group>"; };
		504E154F24F6C38B00AA39AA /* SignIn.swift */ = {isa = PBXFileReference; lastKnownFileType = sourcecode.swift; path = SignIn.swift; sourceTree = "<group>"; };
		504E155124F6F54900AA39AA /* pomeloanimation.json */ = {isa = PBXFileReference; fileEncoding = 4; lastKnownFileType = text.json; path = pomeloanimation.json; sourceTree = "<group>"; };
		509530FA24F5AD7300D50C2D /* Pomelo.app */ = {isa = PBXFileReference; explicitFileType = wrapper.application; includeInIndex = 0; path = Pomelo.app; sourceTree = BUILT_PRODUCTS_DIR; };
		509530FD24F5AD7300D50C2D /* AppDelegate.swift */ = {isa = PBXFileReference; lastKnownFileType = sourcecode.swift; path = AppDelegate.swift; sourceTree = "<group>"; };
		509530FF24F5AD7300D50C2D /* SceneDelegate.swift */ = {isa = PBXFileReference; lastKnownFileType = sourcecode.swift; path = SceneDelegate.swift; sourceTree = "<group>"; };
		5095310124F5AD7300D50C2D /* Main.swift */ = {isa = PBXFileReference; lastKnownFileType = sourcecode.swift; path = Main.swift; sourceTree = "<group>"; };
		5095310624F5AD7400D50C2D /* Assets.xcassets */ = {isa = PBXFileReference; lastKnownFileType = folder.assetcatalog; path = Assets.xcassets; sourceTree = "<group>"; };
		5095310924F5AD7400D50C2D /* Base */ = {isa = PBXFileReference; lastKnownFileType = file.storyboard; name = Base; path = Base.lproj/LaunchScreen.storyboard; sourceTree = "<group>"; };
		5095310B24F5AD7400D50C2D /* Info.plist */ = {isa = PBXFileReference; lastKnownFileType = text.plist.xml; path = Info.plist; sourceTree = "<group>"; };
		5095311324F5C4DC00D50C2D /* Extensions.swift */ = {isa = PBXFileReference; lastKnownFileType = sourcecode.swift; path = Extensions.swift; sourceTree = "<group>"; };
		5095313524F6BEE200D50C2D /* treegrow.json */ = {isa = PBXFileReference; fileEncoding = 4; lastKnownFileType = text.json; path = treegrow.json; sourceTree = "<group>"; };
		959C5F9D773BC80EE7648A4F /* Pods-Pomelo.release.xcconfig */ = {isa = PBXFileReference; includeInIndex = 1; lastKnownFileType = text.xcconfig; name = "Pods-Pomelo.release.xcconfig"; path = "Target Support Files/Pods-Pomelo/Pods-Pomelo.release.xcconfig"; sourceTree = "<group>"; };
/* End PBXFileReference section */

/* Begin PBXFrameworksBuildPhase section */
		509530F724F5AD7300D50C2D /* Frameworks */ = {
			isa = PBXFrameworksBuildPhase;
			buildActionMask = 2147483647;
			files = (
				1E08C9E7F0BF5C09FB155891 /* Pods_Pomelo.framework in Frameworks */,
			);
			runOnlyForDeploymentPostprocessing = 0;
		};
/* End PBXFrameworksBuildPhase section */

/* Begin PBXGroup section */
		509530F124F5AD7300D50C2D = {
			isa = PBXGroup;
			children = (
				509530FC24F5AD7300D50C2D /* Pomelo */,
				509530FB24F5AD7300D50C2D /* Products */,
				A6F9F5D83E70F3BA1F99493D /* Pods */,
				B77CE9F45C4D5DD765B18A83 /* Frameworks */,
			);
			sourceTree = "<group>";
		};
		509530FB24F5AD7300D50C2D /* Products */ = {
			isa = PBXGroup;
			children = (
				509530FA24F5AD7300D50C2D /* Pomelo.app */,
			);
			name = Products;
			sourceTree = "<group>";
		};
		509530FC24F5AD7300D50C2D /* Pomelo */ = {
			isa = PBXGroup;
			children = (
				5095313524F6BEE200D50C2D /* treegrow.json */,
				504E155124F6F54900AA39AA /* pomeloanimation.json */,
				509530FD24F5AD7300D50C2D /* AppDelegate.swift */,
				509530FF24F5AD7300D50C2D /* SceneDelegate.swift */,
				504E154F24F6C38B00AA39AA /* SignIn.swift */,
				5095311324F5C4DC00D50C2D /* Extensions.swift */,
				5095310124F5AD7300D50C2D /* Main.swift */,
				5095310624F5AD7400D50C2D /* Assets.xcassets */,
				5095310824F5AD7400D50C2D /* LaunchScreen.storyboard */,
				5095310B24F5AD7400D50C2D /* Info.plist */,
				504E154D24F6C23800AA39AA /* GoogleService-Info.plist */,
			);
			path = Pomelo;
			sourceTree = "<group>";
		};
		A6F9F5D83E70F3BA1F99493D /* Pods */ = {
			isa = PBXGroup;
			children = (
				12FAACA00263EBFF0A88B475 /* Pods-Pomelo.debug.xcconfig */,
				959C5F9D773BC80EE7648A4F /* Pods-Pomelo.release.xcconfig */,
			);
			path = Pods;
			sourceTree = "<group>";
		};
		B77CE9F45C4D5DD765B18A83 /* Frameworks */ = {
			isa = PBXGroup;
			children = (
				00EB3D9F6B47BE1780C88844 /* Pods_Pomelo.framework */,
			);
			name = Frameworks;
			sourceTree = "<group>";
		};
/* End PBXGroup section */

/* Begin PBXNativeTarget section */
		509530F924F5AD7300D50C2D /* Pomelo */ = {
			isa = PBXNativeTarget;
			buildConfigurationList = 5095310E24F5AD7400D50C2D /* Build configuration list for PBXNativeTarget "Pomelo" */;
			buildPhases = (
				4516C5558CE02515B80408E9 /* [CP] Check Pods Manifest.lock */,
				509530F624F5AD7300D50C2D /* Sources */,
				509530F724F5AD7300D50C2D /* Frameworks */,
				509530F824F5AD7300D50C2D /* Resources */,
				B44A1E9497AB0BE2DD07B413 /* [CP] Embed Pods Frameworks */,
				B3B2DA8D0967B59DADB9B9CB /* [CP] Copy Pods Resources */,
			);
			buildRules = (
			);
			dependencies = (
			);
			name = Pomelo;
			productName = Pomelo;
			productReference = 509530FA24F5AD7300D50C2D /* Pomelo.app */;
			productType = "com.apple.product-type.application";
		};
/* End PBXNativeTarget section */

/* Begin PBXProject section */
		509530F224F5AD7300D50C2D /* Project object */ = {
			isa = PBXProject;
			attributes = {
				LastSwiftUpdateCheck = 1150;
				LastUpgradeCheck = 1150;
				ORGANIZATIONNAME = "Amy Chin Siu Huang";
				TargetAttributes = {
					509530F924F5AD7300D50C2D = {
						CreatedOnToolsVersion = 11.5;
					};
				};
			};
			buildConfigurationList = 509530F524F5AD7300D50C2D /* Build configuration list for PBXProject "Pomelo" */;
			compatibilityVersion = "Xcode 9.3";
			developmentRegion = en;
			hasScannedForEncodings = 0;
			knownRegions = (
				en,
				Base,
			);
			mainGroup = 509530F124F5AD7300D50C2D;
			productRefGroup = 509530FB24F5AD7300D50C2D /* Products */;
			projectDirPath = "";
			projectRoot = "";
			targets = (
				509530F924F5AD7300D50C2D /* Pomelo */,
			);
		};
/* End PBXProject section */

/* Begin PBXResourcesBuildPhase section */
		509530F824F5AD7300D50C2D /* Resources */ = {
			isa = PBXResourcesBuildPhase;
			buildActionMask = 2147483647;
			files = (
				5095313624F6BEE200D50C2D /* treegrow.json in Resources */,
				504E154E24F6C23900AA39AA /* GoogleService-Info.plist in Resources */,
				504E155224F6F54900AA39AA /* pomeloanimation.json in Resources */,
				5095310A24F5AD7400D50C2D /* LaunchScreen.storyboard in Resources */,
				5095310724F5AD7400D50C2D /* Assets.xcassets in Resources */,
			);
			runOnlyForDeploymentPostprocessing = 0;
		};
/* End PBXResourcesBuildPhase section */

/* Begin PBXShellScriptBuildPhase section */
		4516C5558CE02515B80408E9 /* [CP] Check Pods Manifest.lock */ = {
			isa = PBXShellScriptBuildPhase;
			buildActionMask = 2147483647;
			files = (
			);
			inputFileListPaths = (
			);
			inputPaths = (
				"${PODS_PODFILE_DIR_PATH}/Podfile.lock",
				"${PODS_ROOT}/Manifest.lock",
			);
			name = "[CP] Check Pods Manifest.lock";
			outputFileListPaths = (
			);
			outputPaths = (
				"$(DERIVED_FILE_DIR)/Pods-Pomelo-checkManifestLockResult.txt",
			);
			runOnlyForDeploymentPostprocessing = 0;
			shellPath = /bin/sh;
			shellScript = "diff \"${PODS_PODFILE_DIR_PATH}/Podfile.lock\" \"${PODS_ROOT}/Manifest.lock\" > /dev/null\nif [ $? != 0 ] ; then\n    # print error to STDERR\n    echo \"error: The sandbox is not in sync with the Podfile.lock. Run 'pod install' or update your CocoaPods installation.\" >&2\n    exit 1\nfi\n# This output is used by Xcode 'outputs' to avoid re-running this script phase.\necho \"SUCCESS\" > \"${SCRIPT_OUTPUT_FILE_0}\"\n";
			showEnvVarsInLog = 0;
		};
		B3B2DA8D0967B59DADB9B9CB /* [CP] Copy Pods Resources */ = {
			isa = PBXShellScriptBuildPhase;
			buildActionMask = 2147483647;
			files = (
			);
			inputFileListPaths = (
				"${PODS_ROOT}/Target Support Files/Pods-Pomelo/Pods-Pomelo-resources-${CONFIGURATION}-input-files.xcfilelist",
			);
			name = "[CP] Copy Pods Resources";
			outputFileListPaths = (
				"${PODS_ROOT}/Target Support Files/Pods-Pomelo/Pods-Pomelo-resources-${CONFIGURATION}-output-files.xcfilelist",
			);
			runOnlyForDeploymentPostprocessing = 0;
			shellPath = /bin/sh;
			shellScript = "\"${PODS_ROOT}/Target Support Files/Pods-Pomelo/Pods-Pomelo-resources.sh\"\n";
			showEnvVarsInLog = 0;
		};
		B44A1E9497AB0BE2DD07B413 /* [CP] Embed Pods Frameworks */ = {
			isa = PBXShellScriptBuildPhase;
			buildActionMask = 2147483647;
			files = (
			);
			inputFileListPaths = (
				"${PODS_ROOT}/Target Support Files/Pods-Pomelo/Pods-Pomelo-frameworks-${CONFIGURATION}-input-files.xcfilelist",
			);
			name = "[CP] Embed Pods Frameworks";
			outputFileListPaths = (
				"${PODS_ROOT}/Target Support Files/Pods-Pomelo/Pods-Pomelo-frameworks-${CONFIGURATION}-output-files.xcfilelist",
			);
			runOnlyForDeploymentPostprocessing = 0;
			shellPath = /bin/sh;
			shellScript = "\"${PODS_ROOT}/Target Support Files/Pods-Pomelo/Pods-Pomelo-frameworks.sh\"\n";
			showEnvVarsInLog = 0;
		};
/* End PBXShellScriptBuildPhase section */

/* Begin PBXSourcesBuildPhase section */
		509530F624F5AD7300D50C2D /* Sources */ = {
			isa = PBXSourcesBuildPhase;
			buildActionMask = 2147483647;
			files = (
				5095311424F5C4DC00D50C2D /* Extensions.swift in Sources */,
				5095310224F5AD7300D50C2D /* Main.swift in Sources */,
				504E155024F6C38B00AA39AA /* SignIn.swift in Sources */,
				509530FE24F5AD7300D50C2D /* AppDelegate.swift in Sources */,
				5095310024F5AD7300D50C2D /* SceneDelegate.swift in Sources */,
			);
			runOnlyForDeploymentPostprocessing = 0;
		};
/* End PBXSourcesBuildPhase section */

/* Begin PBXVariantGroup section */
		5095310824F5AD7400D50C2D /* LaunchScreen.storyboard */ = {
			isa = PBXVariantGroup;
			children = (
				5095310924F5AD7400D50C2D /* Base */,
			);
			name = LaunchScreen.storyboard;
			sourceTree = "<group>";
		};
/* End PBXVariantGroup section */

/* Begin XCBuildConfiguration section */
		5095310C24F5AD7400D50C2D /* Debug */ = {
			isa = XCBuildConfiguration;
			buildSettings = {
				ALWAYS_SEARCH_USER_PATHS = NO;
				CLANG_ANALYZER_NONNULL = YES;
				CLANG_ANALYZER_NUMBER_OBJECT_CONVERSION = YES_AGGRESSIVE;
				CLANG_CXX_LANGUAGE_STANDARD = "gnu++14";
				CLANG_CXX_LIBRARY = "libc++";
				CLANG_ENABLE_MODULES = YES;
				CLANG_ENABLE_OBJC_ARC = YES;
				CLANG_ENABLE_OBJC_WEAK = YES;
				CLANG_WARN_BLOCK_CAPTURE_AUTORELEASING = YES;
				CLANG_WARN_BOOL_CONVERSION = YES;
				CLANG_WARN_COMMA = YES;
				CLANG_WARN_CONSTANT_CONVERSION = YES;
				CLANG_WARN_DEPRECATED_OBJC_IMPLEMENTATIONS = YES;
				CLANG_WARN_DIRECT_OBJC_ISA_USAGE = YES_ERROR;
				CLANG_WARN_DOCUMENTATION_COMMENTS = YES;
				CLANG_WARN_EMPTY_BODY = YES;
				CLANG_WARN_ENUM_CONVERSION = YES;
				CLANG_WARN_INFINITE_RECURSION = YES;
				CLANG_WARN_INT_CONVERSION = YES;
				CLANG_WARN_NON_LITERAL_NULL_CONVERSION = YES;
				CLANG_WARN_OBJC_IMPLICIT_RETAIN_SELF = YES;
				CLANG_WARN_OBJC_LITERAL_CONVERSION = YES;
				CLANG_WARN_OBJC_ROOT_CLASS = YES_ERROR;
				CLANG_WARN_RANGE_LOOP_ANALYSIS = YES;
				CLANG_WARN_STRICT_PROTOTYPES = YES;
				CLANG_WARN_SUSPICIOUS_MOVE = YES;
				CLANG_WARN_UNGUARDED_AVAILABILITY = YES_AGGRESSIVE;
				CLANG_WARN_UNREACHABLE_CODE = YES;
				CLANG_WARN__DUPLICATE_METHOD_MATCH = YES;
				COPY_PHASE_STRIP = NO;
				DEBUG_INFORMATION_FORMAT = dwarf;
				ENABLE_STRICT_OBJC_MSGSEND = YES;
				ENABLE_TESTABILITY = YES;
				GCC_C_LANGUAGE_STANDARD = gnu11;
				GCC_DYNAMIC_NO_PIC = NO;
				GCC_NO_COMMON_BLOCKS = YES;
				GCC_OPTIMIZATION_LEVEL = 0;
				GCC_PREPROCESSOR_DEFINITIONS = (
					"DEBUG=1",
					"$(inherited)",
				);
				GCC_WARN_64_TO_32_BIT_CONVERSION = YES;
				GCC_WARN_ABOUT_RETURN_TYPE = YES_ERROR;
				GCC_WARN_UNDECLARED_SELECTOR = YES;
				GCC_WARN_UNINITIALIZED_AUTOS = YES_AGGRESSIVE;
				GCC_WARN_UNUSED_FUNCTION = YES;
				GCC_WARN_UNUSED_VARIABLE = YES;
				IPHONEOS_DEPLOYMENT_TARGET = 13.5;
				MTL_ENABLE_DEBUG_INFO = INCLUDE_SOURCE;
				MTL_FAST_MATH = YES;
				ONLY_ACTIVE_ARCH = YES;
				SDKROOT = iphoneos;
				SWIFT_ACTIVE_COMPILATION_CONDITIONS = DEBUG;
				SWIFT_OPTIMIZATION_LEVEL = "-Onone";
			};
			name = Debug;
		};
		5095310D24F5AD7400D50C2D /* Release */ = {
			isa = XCBuildConfiguration;
			buildSettings = {
				ALWAYS_SEARCH_USER_PATHS = NO;
				CLANG_ANALYZER_NONNULL = YES;
				CLANG_ANALYZER_NUMBER_OBJECT_CONVERSION = YES_AGGRESSIVE;
				CLANG_CXX_LANGUAGE_STANDARD = "gnu++14";
				CLANG_CXX_LIBRARY = "libc++";
				CLANG_ENABLE_MODULES = YES;
				CLANG_ENABLE_OBJC_ARC = YES;
				CLANG_ENABLE_OBJC_WEAK = YES;
				CLANG_WARN_BLOCK_CAPTURE_AUTORELEASING = YES;
				CLANG_WARN_BOOL_CONVERSION = YES;
				CLANG_WARN_COMMA = YES;
				CLANG_WARN_CONSTANT_CONVERSION = YES;
				CLANG_WARN_DEPRECATED_OBJC_IMPLEMENTATIONS = YES;
				CLANG_WARN_DIRECT_OBJC_ISA_USAGE = YES_ERROR;
				CLANG_WARN_DOCUMENTATION_COMMENTS = YES;
				CLANG_WARN_EMPTY_BODY = YES;
				CLANG_WARN_ENUM_CONVERSION = YES;
				CLANG_WARN_INFINITE_RECURSION = YES;
				CLANG_WARN_INT_CONVERSION = YES;
				CLANG_WARN_NON_LITERAL_NULL_CONVERSION = YES;
				CLANG_WARN_OBJC_IMPLICIT_RETAIN_SELF = YES;
				CLANG_WARN_OBJC_LITERAL_CONVERSION = YES;
				CLANG_WARN_OBJC_ROOT_CLASS = YES_ERROR;
				CLANG_WARN_RANGE_LOOP_ANALYSIS = YES;
				CLANG_WARN_STRICT_PROTOTYPES = YES;
				CLANG_WARN_SUSPICIOUS_MOVE = YES;
				CLANG_WARN_UNGUARDED_AVAILABILITY = YES_AGGRESSIVE;
				CLANG_WARN_UNREACHABLE_CODE = YES;
				CLANG_WARN__DUPLICATE_METHOD_MATCH = YES;
				COPY_PHASE_STRIP = NO;
				DEBUG_INFORMATION_FORMAT = "dwarf-with-dsym";
				ENABLE_NS_ASSERTIONS = NO;
				ENABLE_STRICT_OBJC_MSGSEND = YES;
				GCC_C_LANGUAGE_STANDARD = gnu11;
				GCC_NO_COMMON_BLOCKS = YES;
				GCC_WARN_64_TO_32_BIT_CONVERSION = YES;
				GCC_WARN_ABOUT_RETURN_TYPE = YES_ERROR;
				GCC_WARN_UNDECLARED_SELECTOR = YES;
				GCC_WARN_UNINITIALIZED_AUTOS = YES_AGGRESSIVE;
				GCC_WARN_UNUSED_FUNCTION = YES;
				GCC_WARN_UNUSED_VARIABLE = YES;
				IPHONEOS_DEPLOYMENT_TARGET = 13.5;
				MTL_ENABLE_DEBUG_INFO = NO;
				MTL_FAST_MATH = YES;
				SDKROOT = iphoneos;
				SWIFT_COMPILATION_MODE = wholemodule;
				SWIFT_OPTIMIZATION_LEVEL = "-O";
				VALIDATE_PRODUCT = YES;
			};
			name = Release;
		};
		5095310F24F5AD7400D50C2D /* Debug */ = {
			isa = XCBuildConfiguration;
			baseConfigurationReference = 12FAACA00263EBFF0A88B475 /* Pods-Pomelo.debug.xcconfig */;
			buildSettings = {
				ASSETCATALOG_COMPILER_APPICON_NAME = AppIcon;
				CODE_SIGN_STYLE = Automatic;
				INFOPLIST_FILE = Pomelo/Info.plist;
				LD_RUNPATH_SEARCH_PATHS = (
					"$(inherited)",
					"@executable_path/Frameworks",
				);
				PRODUCT_BUNDLE_IDENTIFIER = com.amy.Pomelo;
				PRODUCT_NAME = "$(TARGET_NAME)";
				SWIFT_VERSION = 5.0;
				TARGETED_DEVICE_FAMILY = "1,2";
			};
			name = Debug;
		};
		5095311024F5AD7400D50C2D /* Release */ = {
			isa = XCBuildConfiguration;
			baseConfigurationReference = 959C5F9D773BC80EE7648A4F /* Pods-Pomelo.release.xcconfig */;
			buildSettings = {
				ASSETCATALOG_COMPILER_APPICON_NAME = AppIcon;
				CODE_SIGN_STYLE = Automatic;
				INFOPLIST_FILE = Pomelo/Info.plist;
				LD_RUNPATH_SEARCH_PATHS = (
					"$(inherited)",
					"@executable_path/Frameworks",
				);
				PRODUCT_BUNDLE_IDENTIFIER = com.amy.Pomelo;
				PRODUCT_NAME = "$(TARGET_NAME)";
				SWIFT_VERSION = 5.0;
				TARGETED_DEVICE_FAMILY = "1,2";
			};
			name = Release;
		};
/* End XCBuildConfiguration section */

/* Begin XCConfigurationList section */
		509530F524F5AD7300D50C2D /* Build configuration list for PBXProject "Pomelo" */ = {
			isa = XCConfigurationList;
			buildConfigurations = (
				5095310C24F5AD7400D50C2D /* Debug */,
				5095310D24F5AD7400D50C2D /* Release */,
			);
			defaultConfigurationIsVisible = 0;
			defaultConfigurationName = Release;
		};
		5095310E24F5AD7400D50C2D /* Build configuration list for PBXNativeTarget "Pomelo" */ = {
			isa = XCConfigurationList;
			buildConfigurations = (
				5095310F24F5AD7400D50C2D /* Debug */,
				5095311024F5AD7400D50C2D /* Release */,
			);
			defaultConfigurationIsVisible = 0;
			defaultConfigurationName = Release;
		};
/* End XCConfigurationList section */
	};
	rootObject = 509530F224F5AD7300D50C2D /* Project object */;
}
